{
  "name": "folioflash-studio",
  "version": "0.1.0",
  "lockfileVersion": 3,
  "requires": true,
  "packages": {
    "": {
      "name": "folioflash-studio",
      "version": "0.1.0",
      "dependencies": {
        "disposable-email-domains": "^1.0.62",
        "nodemailer": "^10.0.15"
      },
      "engines": {
        "node": ">=22.19.0"
      }
    },
    "node_modules/disposable-email-domains": {
      "version": "1.0.62",
      "resolved": "https://registry.npmjs.org/disposable-email-domains/-/disposable-email-domains-1.0.62.tgz",
      "integrity": "sha512-LBQvhRw7mznQTPoyZbsmYeNOZt1pN5aCsx4BAU/3siVFuiM9f2oyKzUaB8v1jbxFjE3aYqYiMo63kAL4pHgfWQ==",
      "license": "MIT"
    },
    "node_modules/nodemailer": {
      "version": "10.0.15",
      "resolved": "https://registry.npmjs.org/nodemailer/-/nodemailer-10.0.15.tgz",
      "integrity": "sha512-EUqp5PhtcsYXs9Fq/lS7s/8zlTrnBqmzZWzFFROrNikMiz+om/YRKMwqN907t+0A1KKyT8jd39CBUbFZmaZmcA==",
      "license": "MIT-0",
      "engines": {
        "node": ">=20.0.0"
      }
    }
  }
}
